
Microsoft Visual Studio Solution File, Format Version 12.00
# Visual Studio Version 17
VisualStudioVersion = 17.13.35913.81
MinimumVisualStudioVersion = 10.0.40219.1
Project("{2150E333-8FDC-42A3-9474-1A3956D46DE8}") = "Solution Items", "Solution Items", "{8EC462FD-D22E-90A8-E5CE-7E832BA40C5D}"
	ProjectSection(SolutionItems) = preProject
		commands.txt = commands.txt
		Directory.Build.props = Directory.Build.props
		page.txt = page.txt
	EndProjectSection
EndProject
Project("{FAE04EC0-301F-11D3-BF4B-00C04F79EFBC}") = "Chapter03", "Chapter03\Chapter03\Chapter03.csproj", "{821C25CC-4CC5-D443-27F0-4C74654FF8C1}"
EndProject
Project("{FAE04EC0-301F-11D3-BF4B-00C04F79EFBC}") = "DataContext", "Chapter03\DataContext\DataContext.csproj", "{3F7D87AC-2EBD-91A9-66A7-5359A7339F56}"
EndProject
Project("{FAE04EC0-301F-11D3-BF4B-00C04F79EFBC}") = "EntityModels", "Chapter03\EntityModels\EntityModels.csproj", "{2C20D1EB-F082-72A7-89C2-9226B4F31770}"
EndProject
Project("{FAE04EC0-301F-11D3-BF4B-00C04F79EFBC}") = "HierarchyMappingApp", "Chapter03\HierarchyMapping\HierarchyMappingApp.csproj", "{E3DE6B9B-2EF5-D583-8519-91D58B4E0853}"
EndProject
Project("{FAE04EC0-301F-11D3-BF4B-00C04F79EFBC}") = "DbTests", "Chapter03\DbTests\DbTests.csproj", "{EB14EAE5-8FDC-4DCA-A38F-C75626168978}"
EndProject
Project("{2150E333-8FDC-42A3-9474-1A3956D46DE8}") = "Chapter04", "Chapter04", "{02EA681E-C7D8-13C7-8484-4AC65E1B71E8}"
EndProject
Project("{FAE04EC0-301F-11D3-BF4B-00C04F79EFBC}") = "AzureCosmosDb", "Chapter04\AzureCosmosDb\AzureCosmosDb.csproj", "{473879D0-F769-4139-B837-45CC60908AAF}"
EndProject
Project("{2150E333-8FDC-42A3-9474-1A3956D46DE8}") = "Chapter05", "Chapter05", "{250A0007-C64A-47DF-84E8-05D23C641BB4}"
EndProject
Project("{FAE04EC0-301F-11D3-BF4B-00C04F79EFBC}") = "WorkingWithTasks", "Chapter05\WorkingWithTasks\WorkingWithTasks.csproj", "{61BBCF20-D813-4365-8F35-384548C0A198}"
EndProject
Project("{FAE04EC0-301F-11D3-BF4B-00C04F79EFBC}") = "SynchronizationResourceAccess", "Chapter05\SynchronizationResourceAccess\SynchronizationResourceAccess.csproj", "{4619AC2E-234F-4095-BD6E-67306E477BC9}"
EndProject
Project("{FAE04EC0-301F-11D3-BF4B-00C04F79EFBC}") = "AsyncConsole", "Chapter05\AsyncConsole\AsyncConsole.csproj", "{A73559C1-7AA5-492D-B63E-9D8F0CB1B7C3}"
EndProject
Project("{FAE04EC0-301F-11D3-BF4B-00C04F79EFBC}") = "AsyncEnumerable", "Chapter05\AsyncEnumerable\AsyncEnumerable.csproj", "{2E6C24A6-3167-437A-A834-BFD1356EB864}"
EndProject
Project("{FAE04EC0-301F-11D3-BF4B-00C04F79EFBC}") = "WpfResponsive", "Chapter05\WpfResponsive\WpfResponsive.csproj", "{D95D5A81-1B7B-4025-9D69-06498E8D3B69}"
EndProject
Project("{2150E333-8FDC-42A3-9474-1A3956D46DE8}") = "Chapter06", "Chapter06", "{757ED027-693D-4A7F-A774-C0D50D460B4F}"
EndProject
Project("{FAE04EC0-301F-11D3-BF4B-00C04F79EFBC}") = "WorkingWithImages-ImageSharp", "Chapter06\WorkingWithImages-ImageSharp\WorkingWithImages-ImageSharp.csproj", "{786A1292-D301-482A-BAB5-9954F65FC8CF}"
EndProject
Project("{FAE04EC0-301F-11D3-BF4B-00C04F79EFBC}") = "HumanizingData", "Chapter06\HumanizingData\HumanizingData.csproj", "{49A8B665-B261-4C20-BB24-84CE5CA0823D}"
EndProject
Project("{FAE04EC0-301F-11D3-BF4B-00C04F79EFBC}") = "Serilogging", "Chapter06\Serilogging\Serilogging.csproj", "{B7CCD915-40A0-4EF2-9B5A-8E372A2DB566}"
EndProject
Project("{FAE04EC0-301F-11D3-BF4B-00C04F79EFBC}") = "FluentTests", "Chapter06\FluentTests\FluentTests.csproj", "{FCF9CD9C-32CF-48D7-AF35-E70308BBADBA}"
EndProject
Project("{FAE04EC0-301F-11D3-BF4B-00C04F79EFBC}") = "MappingObjects", "Chapter06\MappingObjects\MappingObjects.csproj", "{C0EEEDA1-4429-4B79-A218-B84EDFC3D0DA}"
EndProject
Project("{FAE04EC0-301F-11D3-BF4B-00C04F79EFBC}") = "FluentValidation.Models", "Chapter06\FluentValidation.Models\FluentValidation.Models.csproj", "{BBF7005C-EEE4-4AAC-8B2D-25E890AE7554}"
EndProject
Project("{FAE04EC0-301F-11D3-BF4B-00C04F79EFBC}") = "FluentValidation.Validators", "Chapter06\FluentValidation.Validators\FluentValidation.Validators.csproj", "{D061A208-C876-4E94-9FED-3B52B911CE62}"
EndProject
Project("{FAE04EC0-301F-11D3-BF4B-00C04F79EFBC}") = "FluentValidation.Console", "Chapter06\FluentValidation.Console\FluentValidation.Console.csproj", "{72B2C637-37AA-46EA-8477-669EAAD060DD}"
EndProject
Project("{2150E333-8FDC-42A3-9474-1A3956D46DE8}") = "PDF", "PDF", "{3497B5ED-B16C-4ECF-BFB0-CA6A6FB05784}"
EndProject
Project("{FAE04EC0-301F-11D3-BF4B-00C04F79EFBC}") = "GeneratingPdf.Models", "Chapter06\PDF\GeneratingPdf.Models\GeneratingPdf.Models.csproj", "{AA810530-FF92-4F22-B5E0-89A849EA9C5E}"
EndProject
Project("{FAE04EC0-301F-11D3-BF4B-00C04F79EFBC}") = "GeneratingPdf.Document", "Chapter06\PDF\GeneratingPdf.Document\GeneratingPdf.Document.csproj", "{174C57FA-07C8-45E0-BADC-077068BD71B4}"
EndProject
Project("{FAE04EC0-301F-11D3-BF4B-00C04F79EFBC}") = "GeneratingPdf.Console", "Chapter06\PDF\GeneratingPdf.Console\GeneratingPdf.Console.csproj", "{0FEE4B79-BD57-47D8-91F5-1E5E26806C54}"
EndProject
Project("{2150E333-8FDC-42A3-9474-1A3956D46DE8}") = "Chapter07", "Chapter07", "{93C243A0-8C3B-4A67-BF88-6E52B06ED271}"
EndProject
Project("{FAE04EC0-301F-11D3-BF4B-00C04F79EFBC}") = "WorkingWithTime", "Chapter07\WorkingWithTime\WorkingWithTime.csproj", "{FDF5C14E-3CE5-4241-9AEB-3157AEDCEFFE}"
EndProject
Project("{FAE04EC0-301F-11D3-BF4B-00C04F79EFBC}") = "TimeFunctionsLib", "Chapter07\TimeFunctionsLib\TimeFunctionsLib.csproj", "{EC959A7D-3E49-4A87-B961-66BF98CBFAB0}"
EndProject
Project("{FAE04EC0-301F-11D3-BF4B-00C04F79EFBC}") = "TestingWithTimeProvider", "Chapter07\TestingWithTimeProvider\TestingWithTimeProvider.csproj", "{E73112A3-FBF1-4A06-A6B1-87638CFAB19A}"
EndProject
Project("{FAE04EC0-301F-11D3-BF4B-00C04F79EFBC}") = "WorkingWithNodaTime", "Chapter07\WorkingWithNodaTime\WorkingWithNodaTime.csproj", "{E9120F20-4834-46D7-88D5-C0D05D663179}"
EndProject
Project("{2150E333-8FDC-42A3-9474-1A3956D46DE8}") = "Chapter08", "Chapter08", "{734E6E08-CF5F-40B4-B9CC-69DE80290B29}"
EndProject
Project("{FAE04EC0-301F-11D3-BF4B-00C04F79EFBC}") = "Northwind.WebApi.Service", "Chapter08\Northwind.WebApi.Service\Northwind.WebApi.Service.csproj", "{A5A676CF-A82E-4C95-B237-F8C409EF75B3}"
EndProject
Project("{FAE04EC0-301F-11D3-BF4B-00C04F79EFBC}") = "Northwind.WebApi.Client.Mvc", "Chapter08\Northwind.WebApi.Client.Mvc\Northwind.WebApi.Client.Mvc.csproj", "{F1DCBB60-BCA0-46C8-8931-D3B94ED70E7A}"
EndProject
Project("{FAE04EC0-301F-11D3-BF4B-00C04F79EFBC}") = "Northwind.WebApi.Client.Console", "Chapter08\Northwind.WebApi.Client.Console\Northwind.WebApi.Client.Console.csproj", "{16D4E21E-4048-4C93-9CED-4713F244F4C7}"
EndProject
Project("{2150E333-8FDC-42A3-9474-1A3956D46DE8}") = "Chapter09", "Chapter09", "{72A3BD37-5E62-4B47-8A1A-042BA9EC7A98}"
EndProject
Project("{FAE04EC0-301F-11D3-BF4B-00C04F79EFBC}") = "Northwind.WebApi.Service", "Chapter09\Northwind.WebApi.Service\Northwind.WebApi.Service.csproj", "{E0CF25F4-9FCB-4D6D-9004-EE530FCE1C4A}"
EndProject
Project("{FAE04EC0-301F-11D3-BF4B-00C04F79EFBC}") = "Northwind.WebApi.Client.Mvc", "Chapter09\Northwind.WebApi.Client.Mvc\Northwind.WebApi.Client.Mvc.csproj", "{D523B12F-30A6-444C-AB18-98E9946B95B4}"
EndProject
Project("{FAE04EC0-301F-11D3-BF4B-00C04F79EFBC}") = "Northwind.Queue.Models", "Chapter09\Northwind.Queue.Models\Northwind.Queue.Models.csproj", "{E5FC8C5B-5561-4D9D-9C95-054FAACBBB6F}"
EndProject
Project("{FAE04EC0-301F-11D3-BF4B-00C04F79EFBC}") = "Northwind.Queue.Consumer", "Chapter09\Northwind.Queue.Consumer\Northwind.Queue.Consumer.csproj", "{B9888F47-E86C-4D83-A3C8-DBEEF313C304}"
EndProject
Project("{FAE04EC0-301F-11D3-BF4B-00C04F79EFBC}") = "Northwind.Background.Workers", "Chapter09\Northwind.Background.Workers\Northwind.Background.Workers.csproj", "{D32301B1-F8DB-4BF1-8C8E-A55D40C307B0}"
EndProject
Project("{FAE04EC0-301F-11D3-BF4B-00C04F79EFBC}") = "Northwind.Background.Hangfire", "Chapter09\Northwind.Background.Hangfire\Northwind.Background.Hangfire.csproj", "{16F70D9C-D43C-488B-BA8D-02C4BC889173}"
EndProject
Project("{2150E333-8FDC-42A3-9474-1A3956D46DE8}") = "Chapter10", "Chapter10", "{E0D1B9ED-209A-4D60-8D6C-96AE2E511C36}"
EndProject
Project("{FAE04EC0-301F-11D3-BF4B-00C04F79EFBC}") = "NCrontab.Console", "Chapter10\NCrontab.Console\NCrontab.Console.csproj", "{F5C28C56-B481-4585-9A48-EBC0772B3A87}"
EndProject
Project("{FAE04EC0-301F-11D3-BF4B-00C04F79EFBC}") = "Northwind.AzureFunctions.Service", "Chapter10\Northwind.AzureFunctions.Service\Northwind.AzureFunctions.Service.csproj", "{DBE55FBF-959B-4CB8-AFC8-3D35EAB48D4C}"
EndProject
Global
	GlobalSection(SolutionConfigurationPlatforms) = preSolution
		Debug|Any CPU = Debug|Any CPU
		Release|Any CPU = Release|Any CPU
	EndGlobalSection
	GlobalSection(ProjectConfigurationPlatforms) = postSolution
		{821C25CC-4CC5-D443-27F0-4C74654FF8C1}.Debug|Any CPU.ActiveCfg = Debug|Any CPU
		{821C25CC-4CC5-D443-27F0-4C74654FF8C1}.Debug|Any CPU.Build.0 = Debug|Any CPU
		{821C25CC-4CC5-D443-27F0-4C74654FF8C1}.Release|Any CPU.ActiveCfg = Release|Any CPU
		{821C25CC-4CC5-D443-27F0-4C74654FF8C1}.Release|Any CPU.Build.0 = Release|Any CPU
		{3F7D87AC-2EBD-91A9-66A7-5359A7339F56}.Debug|Any CPU.ActiveCfg = Debug|Any CPU
		{3F7D87AC-2EBD-91A9-66A7-5359A7339F56}.Debug|Any CPU.Build.0 = Debug|Any CPU
		{3F7D87AC-2EBD-91A9-66A7-5359A7339F56}.Release|Any CPU.ActiveCfg = Release|Any CPU
		{3F7D87AC-2EBD-91A9-66A7-5359A7339F56}.Release|Any CPU.Build.0 = Release|Any CPU
		{2C20D1EB-F082-72A7-89C2-9226B4F31770}.Debug|Any CPU.ActiveCfg = Debug|Any CPU
		{2C20D1EB-F082-72A7-89C2-9226B4F31770}.Debug|Any CPU.Build.0 = Debug|Any CPU
		{2C20D1EB-F082-72A7-89C2-9226B4F31770}.Release|Any CPU.ActiveCfg = Release|Any CPU
		{2C20D1EB-F082-72A7-89C2-9226B4F31770}.Release|Any CPU.Build.0 = Release|Any CPU
		{E3DE6B9B-2EF5-D583-8519-91D58B4E0853}.Debug|Any CPU.ActiveCfg = Debug|Any CPU
		{E3DE6B9B-2EF5-D583-8519-91D58B4E0853}.Debug|Any CPU.Build.0 = Debug|Any CPU
		{E3DE6B9B-2EF5-D583-8519-91D58B4E0853}.Release|Any CPU.ActiveCfg = Release|Any CPU
		{E3DE6B9B-2EF5-D583-8519-91D58B4E0853}.Release|Any CPU.Build.0 = Release|Any CPU
		{EB14EAE5-8FDC-4DCA-A38F-C75626168978}.Debug|Any CPU.ActiveCfg = Debug|Any CPU
		{EB14EAE5-8FDC-4DCA-A38F-C75626168978}.Debug|Any CPU.Build.0 = Debug|Any CPU
		{EB14EAE5-8FDC-4DCA-A38F-C75626168978}.Release|Any CPU.ActiveCfg = Release|Any CPU
		{EB14EAE5-8FDC-4DCA-A38F-C75626168978}.Release|Any CPU.Build.0 = Release|Any CPU
		{473879D0-F769-4139-B837-45CC60908AAF}.Debug|Any CPU.ActiveCfg = Debug|Any CPU
		{473879D0-F769-4139-B837-45CC60908AAF}.Debug|Any CPU.Build.0 = Debug|Any CPU
		{473879D0-F769-4139-B837-45CC60908AAF}.Release|Any CPU.ActiveCfg = Release|Any CPU
		{473879D0-F769-4139-B837-45CC60908AAF}.Release|Any CPU.Build.0 = Release|Any CPU
		{61BBCF20-D813-4365-8F35-384548C0A198}.Debug|Any CPU.ActiveCfg = Debug|Any CPU
		{61BBCF20-D813-4365-8F35-384548C0A198}.Debug|Any CPU.Build.0 = Debug|Any CPU
		{61BBCF20-D813-4365-8F35-384548C0A198}.Release|Any CPU.ActiveCfg = Release|Any CPU
		{61BBCF20-D813-4365-8F35-384548C0A198}.Release|Any CPU.Build.0 = Release|Any CPU
		{4619AC2E-234F-4095-BD6E-67306E477BC9}.Debug|Any CPU.ActiveCfg = Debug|Any CPU
		{4619AC2E-234F-4095-BD6E-67306E477BC9}.Debug|Any CPU.Build.0 = Debug|Any CPU
		{4619AC2E-234F-4095-BD6E-67306E477BC9}.Release|Any CPU.ActiveCfg = Release|Any CPU
		{4619AC2E-234F-4095-BD6E-67306E477BC9}.Release|Any CPU.Build.0 = Release|Any CPU
		{A73559C1-7AA5-492D-B63E-9D8F0CB1B7C3}.Debug|Any CPU.ActiveCfg = Debug|Any CPU
		{A73559C1-7AA5-492D-B63E-9D8F0CB1B7C3}.Debug|Any CPU.Build.0 = Debug|Any CPU
		{A73559C1-7AA5-492D-B63E-9D8F0CB1B7C3}.Release|Any CPU.ActiveCfg = Release|Any CPU
		{A73559C1-7AA5-492D-B63E-9D8F0CB1B7C3}.Release|Any CPU.Build.0 = Release|Any CPU
		{2E6C24A6-3167-437A-A834-BFD1356EB864}.Debug|Any CPU.ActiveCfg = Debug|Any CPU
		{2E6C24A6-3167-437A-A834-BFD1356EB864}.Debug|Any CPU.Build.0 = Debug|Any CPU
		{2E6C24A6-3167-437A-A834-BFD1356EB864}.Release|Any CPU.ActiveCfg = Release|Any CPU
		{2E6C24A6-3167-437A-A834-BFD1356EB864}.Release|Any CPU.Build.0 = Release|Any CPU
		{D95D5A81-1B7B-4025-9D69-06498E8D3B69}.Debug|Any CPU.ActiveCfg = Debug|Any CPU
		{D95D5A81-1B7B-4025-9D69-06498E8D3B69}.Debug|Any CPU.Build.0 = Debug|Any CPU
		{D95D5A81-1B7B-4025-9D69-06498E8D3B69}.Release|Any CPU.ActiveCfg = Release|Any CPU
		{D95D5A81-1B7B-4025-9D69-06498E8D3B69}.Release|Any CPU.Build.0 = Release|Any CPU
		{786A1292-D301-482A-BAB5-9954F65FC8CF}.Debug|Any CPU.ActiveCfg = Debug|Any CPU
		{786A1292-D301-482A-BAB5-9954F65FC8CF}.Debug|Any CPU.Build.0 = Debug|Any CPU
		{786A1292-D301-482A-BAB5-9954F65FC8CF}.Release|Any CPU.ActiveCfg = Release|Any CPU
		{786A1292-D301-482A-BAB5-9954F65FC8CF}.Release|Any CPU.Build.0 = Release|Any CPU
		{49A8B665-B261-4C20-BB24-84CE5CA0823D}.Debug|Any CPU.ActiveCfg = Debug|Any CPU
		{49A8B665-B261-4C20-BB24-84CE5CA0823D}.Debug|Any CPU.Build.0 = Debug|Any CPU
		{49A8B665-B261-4C20-BB24-84CE5CA0823D}.Release|Any CPU.ActiveCfg = Release|Any CPU
		{49A8B665-B261-4C20-BB24-84CE5CA0823D}.Release|Any CPU.Build.0 = Release|Any CPU
		{B7CCD915-40A0-4EF2-9B5A-8E372A2DB566}.Debug|Any CPU.ActiveCfg = Debug|Any CPU
		{B7CCD915-40A0-4EF2-9B5A-8E372A2DB566}.Debug|Any CPU.Build.0 = Debug|Any CPU
		{B7CCD915-40A0-4EF2-9B5A-8E372A2DB566}.Release|Any CPU.ActiveCfg = Release|Any CPU
		{B7CCD915-40A0-4EF2-9B5A-8E372A2DB566}.Release|Any CPU.Build.0 = Release|Any CPU
		{FCF9CD9C-32CF-48D7-AF35-E70308BBADBA}.Debug|Any CPU.ActiveCfg = Debug|Any CPU
		{FCF9CD9C-32CF-48D7-AF35-E70308BBADBA}.Debug|Any CPU.Build.0 = Debug|Any CPU
		{FCF9CD9C-32CF-48D7-AF35-E70308BBADBA}.Release|Any CPU.ActiveCfg = Release|Any CPU
		{FCF9CD9C-32CF-48D7-AF35-E70308BBADBA}.Release|Any CPU.Build.0 = Release|Any CPU
		{C0EEEDA1-4429-4B79-A218-B84EDFC3D0DA}.Debug|Any CPU.ActiveCfg = Debug|Any CPU
		{C0EEEDA1-4429-4B79-A218-B84EDFC3D0DA}.Debug|Any CPU.Build.0 = Debug|Any CPU
		{C0EEEDA1-4429-4B79-A218-B84EDFC3D0DA}.Release|Any CPU.ActiveCfg = Release|Any CPU
		{C0EEEDA1-4429-4B79-A218-B84EDFC3D0DA}.Release|Any CPU.Build.0 = Release|Any CPU
		{BBF7005C-EEE4-4AAC-8B2D-25E890AE7554}.Debug|Any CPU.ActiveCfg = Debug|Any CPU
		{BBF7005C-EEE4-4AAC-8B2D-25E890AE7554}.Debug|Any CPU.Build.0 = Debug|Any CPU
		{BBF7005C-EEE4-4AAC-8B2D-25E890AE7554}.Release|Any CPU.ActiveCfg = Release|Any CPU
		{BBF7005C-EEE4-4AAC-8B2D-25E890AE7554}.Release|Any CPU.Build.0 = Release|Any CPU
		{D061A208-C876-4E94-9FED-3B52B911CE62}.Debug|Any CPU.ActiveCfg = Debug|Any CPU
		{D061A208-C876-4E94-9FED-3B52B911CE62}.Debug|Any CPU.Build.0 = Debug|Any CPU
		{D061A208-C876-4E94-9FED-3B52B911CE62}.Release|Any CPU.ActiveCfg = Release|Any CPU
		{D061A208-C876-4E94-9FED-3B52B911CE62}.Release|Any CPU.Build.0 = Release|Any CPU
		{72B2C637-37AA-46EA-8477-669EAAD060DD}.Debug|Any CPU.ActiveCfg = Debug|Any CPU
		{72B2C637-37AA-46EA-8477-669EAAD060DD}.Debug|Any CPU.Build.0 = Debug|Any CPU
		{72B2C637-37AA-46EA-8477-669EAAD060DD}.Release|Any CPU.ActiveCfg = Release|Any CPU
		{72B2C637-37AA-46EA-8477-669EAAD060DD}.Release|Any CPU.Build.0 = Release|Any CPU
		{AA810530-FF92-4F22-B5E0-89A849EA9C5E}.Debug|Any CPU.ActiveCfg = Debug|Any CPU
		{AA810530-FF92-4F22-B5E0-89A849EA9C5E}.Debug|Any CPU.Build.0 = Debug|Any CPU
		{AA810530-FF92-4F22-B5E0-89A849EA9C5E}.Release|Any CPU.ActiveCfg = Release|Any CPU
		{AA810530-FF92-4F22-B5E0-89A849EA9C5E}.Release|Any CPU.Build.0 = Release|Any CPU
		{174C57FA-07C8-45E0-BADC-077068BD71B4}.Debug|Any CPU.ActiveCfg = Debug|Any CPU
		{174C57FA-07C8-45E0-BADC-077068BD71B4}.Debug|Any CPU.Build.0 = Debug|Any CPU
		{174C57FA-07C8-45E0-BADC-077068BD71B4}.Release|Any CPU.ActiveCfg = Release|Any CPU
		{174C57FA-07C8-45E0-BADC-077068BD71B4}.Release|Any CPU.Build.0 = Release|Any CPU
		{0FEE4B79-BD57-47D8-91F5-1E5E26806C54}.Debug|Any CPU.ActiveCfg = Debug|Any CPU
		{0FEE4B79-BD57-47D8-91F5-1E5E26806C54}.Debug|Any CPU.Build.0 = Debug|Any CPU
		{0FEE4B79-BD57-47D8-91F5-1E5E26806C54}.Release|Any CPU.ActiveCfg = Release|Any CPU
		{0FEE4B79-BD57-47D8-91F5-1E5E26806C54}.Release|Any CPU.Build.0 = Release|Any CPU
		{FDF5C14E-3CE5-4241-9AEB-3157AEDCEFFE}.Debug|Any CPU.ActiveCfg = Debug|Any CPU
		{FDF5C14E-3CE5-4241-9AEB-3157AEDCEFFE}.Debug|Any CPU.Build.0 = Debug|Any CPU
		{FDF5C14E-3CE5-4241-9AEB-3157AEDCEFFE}.Release|Any CPU.ActiveCfg = Release|Any CPU
		{FDF5C14E-3CE5-4241-9AEB-3157AEDCEFFE}.Release|Any CPU.Build.0 = Release|Any CPU
		{EC959A7D-3E49-4A87-B961-66BF98CBFAB0}.Debug|Any CPU.ActiveCfg = Debug|Any CPU
		{EC959A7D-3E49-4A87-B961-66BF98CBFAB0}.Debug|Any CPU.Build.0 = Debug|Any CPU
		{EC959A7D-3E49-4A87-B961-66BF98CBFAB0}.Release|Any CPU.ActiveCfg = Release|Any CPU
		{EC959A7D-3E49-4A87-B961-66BF98CBFAB0}.Release|Any CPU.Build.0 = Release|Any CPU
		{E73112A3-FBF1-4A06-A6B1-87638CFAB19A}.Debug|Any CPU.ActiveCfg = Debug|Any CPU
		{E73112A3-FBF1-4A06-A6B1-87638CFAB19A}.Debug|Any CPU.Build.0 = Debug|Any CPU
		{E73112A3-FBF1-4A06-A6B1-87638CFAB19A}.Release|Any CPU.ActiveCfg = Release|Any CPU
		{E73112A3-FBF1-4A06-A6B1-87638CFAB19A}.Release|Any CPU.Build.0 = Release|Any CPU
		{E9120F20-4834-46D7-88D5-C0D05D663179}.Debug|Any CPU.ActiveCfg = Debug|Any CPU
		{E9120F20-4834-46D7-88D5-C0D05D663179}.Debug|Any CPU.Build.0 = Debug|Any CPU
		{E9120F20-4834-46D7-88D5-C0D05D663179}.Release|Any CPU.ActiveCfg = Release|Any CPU
		{E9120F20-4834-46D7-88D5-C0D05D663179}.Release|Any CPU.Build.0 = Release|Any CPU
		{A5A676CF-A82E-4C95-B237-F8C409EF75B3}.Debug|Any CPU.ActiveCfg = Debug|Any CPU
		{A5A676CF-A82E-4C95-B237-F8C409EF75B3}.Debug|Any CPU.Build.0 = Debug|Any CPU
		{A5A676CF-A82E-4C95-B237-F8C409EF75B3}.Release|Any CPU.ActiveCfg = Release|Any CPU
		{A5A676CF-A82E-4C95-B237-F8C409EF75B3}.Release|Any CPU.Build.0 = Release|Any CPU
		{F1DCBB60-BCA0-46C8-8931-D3B94ED70E7A}.Debug|Any CPU.ActiveCfg = Debug|Any CPU
		{F1DCBB60-BCA0-46C8-8931-D3B94ED70E7A}.Debug|Any CPU.Build.0 = Debug|Any CPU
		{F1DCBB60-BCA0-46C8-8931-D3B94ED70E7A}.Release|Any CPU.ActiveCfg = Release|Any CPU
		{F1DCBB60-BCA0-46C8-8931-D3B94ED70E7A}.Release|Any CPU.Build.0 = Release|Any CPU
		{16D4E21E-4048-4C93-9CED-4713F244F4C7}.Debug|Any CPU.ActiveCfg = Debug|Any CPU
		{16D4E21E-4048-4C93-9CED-4713F244F4C7}.Debug|Any CPU.Build.0 = Debug|Any CPU
		{16D4E21E-4048-4C93-9CED-4713F244F4C7}.Release|Any CPU.ActiveCfg = Release|Any CPU
		{16D4E21E-4048-4C93-9CED-4713F244F4C7}.Release|Any CPU.Build.0 = Release|Any CPU
		{E0CF25F4-9FCB-4D6D-9004-EE530FCE1C4A}.Debug|Any CPU.ActiveCfg = Debug|Any CPU
		{E0CF25F4-9FCB-4D6D-9004-EE530FCE1C4A}.Debug|Any CPU.Build.0 = Debug|Any CPU
		{E0CF25F4-9FCB-4D6D-9004-EE530FCE1C4A}.Release|Any CPU.ActiveCfg = Release|Any CPU
		{E0CF25F4-9FCB-4D6D-9004-EE530FCE1C4A}.Release|Any CPU.Build.0 = Release|Any CPU
		{D523B12F-30A6-444C-AB18-98E9946B95B4}.Debug|Any CPU.ActiveCfg = Debug|Any CPU
		{D523B12F-30A6-444C-AB18-98E9946B95B4}.Debug|Any CPU.Build.0 = Debug|Any CPU
		{D523B12F-30A6-444C-AB18-98E9946B95B4}.Release|Any CPU.ActiveCfg = Release|Any CPU
		{D523B12F-30A6-444C-AB18-98E9946B95B4}.Release|Any CPU.Build.0 = Release|Any CPU
		{E5FC8C5B-5561-4D9D-9C95-054FAACBBB6F}.Debug|Any CPU.ActiveCfg = Debug|Any CPU
		{E5FC8C5B-5561-4D9D-9C95-054FAACBBB6F}.Debug|Any CPU.Build.0 = Debug|Any CPU
		{E5FC8C5B-5561-4D9D-9C95-054FAACBBB6F}.Release|Any CPU.ActiveCfg = Release|Any CPU
		{E5FC8C5B-5561-4D9D-9C95-054FAACBBB6F}.Release|Any CPU.Build.0 = Release|Any CPU
		{B9888F47-E86C-4D83-A3C8-DBEEF313C304}.Debug|Any CPU.ActiveCfg = Debug|Any CPU
		{B9888F47-E86C-4D83-A3C8-DBEEF313C304}.Debug|Any CPU.Build.0 = Debug|Any CPU
		{B9888F47-E86C-4D83-A3C8-DBEEF313C304}.Release|Any CPU.ActiveCfg = Release|Any CPU
		{B9888F47-E86C-4D83-A3C8-DBEEF313C304}.Release|Any CPU.Build.0 = Release|Any CPU
		{D32301B1-F8DB-4BF1-8C8E-A55D40C307B0}.Debug|Any CPU.ActiveCfg = Debug|Any CPU
		{D32301B1-F8DB-4BF1-8C8E-A55D40C307B0}.Debug|Any CPU.Build.0 = Debug|Any CPU
		{D32301B1-F8DB-4BF1-8C8E-A55D40C307B0}.Release|Any CPU.ActiveCfg = Release|Any CPU
		{D32301B1-F8DB-4BF1-8C8E-A55D40C307B0}.Release|Any CPU.Build.0 = Release|Any CPU
		{16F70D9C-D43C-488B-BA8D-02C4BC889173}.Debug|Any CPU.ActiveCfg = Debug|Any CPU
		{16F70D9C-D43C-488B-BA8D-02C4BC889173}.Debug|Any CPU.Build.0 = Debug|Any CPU
		{16F70D9C-D43C-488B-BA8D-02C4BC889173}.Release|Any CPU.ActiveCfg = Release|Any CPU
		{16F70D9C-D43C-488B-BA8D-02C4BC889173}.Release|Any CPU.Build.0 = Release|Any CPU
		{F5C28C56-B481-4585-9A48-EBC0772B3A87}.Debug|Any CPU.ActiveCfg = Debug|Any CPU
		{F5C28C56-B481-4585-9A48-EBC0772B3A87}.Debug|Any CPU.Build.0 = Debug|Any CPU
		{F5C28C56-B481-4585-9A48-EBC0772B3A87}.Release|Any CPU.ActiveCfg = Release|Any CPU
		{F5C28C56-B481-4585-9A48-EBC0772B3A87}.Release|Any CPU.Build.0 = Release|Any CPU
		{DBE55FBF-959B-4CB8-AFC8-3D35EAB48D4C}.Debug|Any CPU.ActiveCfg = Debug|Any CPU
		{DBE55FBF-959B-4CB8-AFC8-3D35EAB48D4C}.Debug|Any CPU.Build.0 = Debug|Any CPU
		{DBE55FBF-959B-4CB8-AFC8-3D35EAB48D4C}.Release|Any CPU.ActiveCfg = Release|Any CPU
		{DBE55FBF-959B-4CB8-AFC8-3D35EAB48D4C}.Release|Any CPU.Build.0 = Release|Any CPU
	EndGlobalSection
	GlobalSection(SolutionProperties) = preSolution
		HideSolutionNode = FALSE
	EndGlobalSection
	GlobalSection(NestedProjects) = preSolution
		{473879D0-F769-4139-B837-45CC60908AAF} = {02EA681E-C7D8-13C7-8484-4AC65E1B71E8}
		{61BBCF20-D813-4365-8F35-384548C0A198} = {250A0007-C64A-47DF-84E8-05D23C641BB4}
		{4619AC2E-234F-4095-BD6E-67306E477BC9} = {250A0007-C64A-47DF-84E8-05D23C641BB4}
		{A73559C1-7AA5-492D-B63E-9D8F0CB1B7C3} = {250A0007-C64A-47DF-84E8-05D23C641BB4}
		{2E6C24A6-3167-437A-A834-BFD1356EB864} = {250A0007-C64A-47DF-84E8-05D23C641BB4}
		{D95D5A81-1B7B-4025-9D69-06498E8D3B69} = {250A0007-C64A-47DF-84E8-05D23C641BB4}
		{786A1292-D301-482A-BAB5-9954F65FC8CF} = {757ED027-693D-4A7F-A774-C0D50D460B4F}
		{49A8B665-B261-4C20-BB24-84CE5CA0823D} = {757ED027-693D-4A7F-A774-C0D50D460B4F}
		{B7CCD915-40A0-4EF2-9B5A-8E372A2DB566} = {757ED027-693D-4A7F-A774-C0D50D460B4F}
		{FCF9CD9C-32CF-48D7-AF35-E70308BBADBA} = {757ED027-693D-4A7F-A774-C0D50D460B4F}
		{C0EEEDA1-4429-4B79-A218-B84EDFC3D0DA} = {757ED027-693D-4A7F-A774-C0D50D460B4F}
		{BBF7005C-EEE4-4AAC-8B2D-25E890AE7554} = {757ED027-693D-4A7F-A774-C0D50D460B4F}
		{D061A208-C876-4E94-9FED-3B52B911CE62} = {757ED027-693D-4A7F-A774-C0D50D460B4F}
		{72B2C637-37AA-46EA-8477-669EAAD060DD} = {757ED027-693D-4A7F-A774-C0D50D460B4F}
		{3497B5ED-B16C-4ECF-BFB0-CA6A6FB05784} = {757ED027-693D-4A7F-A774-C0D50D460B4F}
		{AA810530-FF92-4F22-B5E0-89A849EA9C5E} = {3497B5ED-B16C-4ECF-BFB0-CA6A6FB05784}
		{174C57FA-07C8-45E0-BADC-077068BD71B4} = {3497B5ED-B16C-4ECF-BFB0-CA6A6FB05784}
		{0FEE4B79-BD57-47D8-91F5-1E5E26806C54} = {3497B5ED-B16C-4ECF-BFB0-CA6A6FB05784}
		{FDF5C14E-3CE5-4241-9AEB-3157AEDCEFFE} = {93C243A0-8C3B-4A67-BF88-6E52B06ED271}
		{EC959A7D-3E49-4A87-B961-66BF98CBFAB0} = {93C243A0-8C3B-4A67-BF88-6E52B06ED271}
		{E73112A3-FBF1-4A06-A6B1-87638CFAB19A} = {93C243A0-8C3B-4A67-BF88-6E52B06ED271}
		{E9120F20-4834-46D7-88D5-C0D05D663179} = {93C243A0-8C3B-4A67-BF88-6E52B06ED271}
		{A5A676CF-A82E-4C95-B237-F8C409EF75B3} = {734E6E08-CF5F-40B4-B9CC-69DE80290B29}
		{F1DCBB60-BCA0-46C8-8931-D3B94ED70E7A} = {734E6E08-CF5F-40B4-B9CC-69DE80290B29}
		{16D4E21E-4048-4C93-9CED-4713F244F4C7} = {734E6E08-CF5F-40B4-B9CC-69DE80290B29}
		{E0CF25F4-9FCB-4D6D-9004-EE530FCE1C4A} = {72A3BD37-5E62-4B47-8A1A-042BA9EC7A98}
		{D523B12F-30A6-444C-AB18-98E9946B95B4} = {72A3BD37-5E62-4B47-8A1A-042BA9EC7A98}
		{E5FC8C5B-5561-4D9D-9C95-054FAACBBB6F} = {72A3BD37-5E62-4B47-8A1A-042BA9EC7A98}
		{B9888F47-E86C-4D83-A3C8-DBEEF313C304} = {72A3BD37-5E62-4B47-8A1A-042BA9EC7A98}
		{D32301B1-F8DB-4BF1-8C8E-A55D40C307B0} = {72A3BD37-5E62-4B47-8A1A-042BA9EC7A98}
		{16F70D9C-D43C-488B-BA8D-02C4BC889173} = {72A3BD37-5E62-4B47-8A1A-042BA9EC7A98}
		{F5C28C56-B481-4585-9A48-EBC0772B3A87} = {E0D1B9ED-209A-4D60-8D6C-96AE2E511C36}
		{DBE55FBF-959B-4CB8-AFC8-3D35EAB48D4C} = {E0D1B9ED-209A-4D60-8D6C-96AE2E511C36}
	EndGlobalSection
	GlobalSection(ExtensibilityGlobals) = postSolution
		SolutionGuid = {32A123D0-E673-4CD1-84CB-10E43B63FC76}
	EndGlobalSection
EndGlobal
