
Microsoft Visual Studio Solution File, Format Version 12.00
# Visual Studio Version 17
VisualStudioVersion = 17.13.35913.81
MinimumVisualStudioVersion = 10.0.40219.1
Project("{9A19103F-16F7-4668-BE54-9A1E7A4F7556}") = "AppsAndService", "AppsAndService.csproj", "{7C2946B1-91FE-4E0D-BEC7-1E456A600105}"
EndProject
Project("{FAE04EC0-301F-11D3-BF4B-00C04F79EFBC}") = "Chapter03", "..\Chapter03\Chapter03\Chapter03.csproj", "{BF90BEAC-287F-4E51-9A94-B0E3AF0BA2B3}"
EndProject
Project("{FAE04EC0-301F-11D3-BF4B-00C04F79EFBC}") = "HierarchyMappingApp", "..\Chapter03\HierarchyMapping\HierarchyMappingApp\HierarchyMappingApp.csproj", "{74E478BA-0E2B-4A08-895D-F834EF05AEFE}"
EndProject
Global
	GlobalSection(SolutionConfigurationPlatforms) = preSolution
		Debug|Any CPU = Debug|Any CPU
		Release|Any CPU = Release|Any CPU
	EndGlobalSection
	GlobalSection(ProjectConfigurationPlatforms) = postSolution
		{7C2946B1-91FE-4E0D-BEC7-1E456A600105}.Debug|Any CPU.ActiveCfg = Debug|Any CPU
		{7C2946B1-91FE-4E0D-BEC7-1E456A600105}.Debug|Any CPU.Build.0 = Debug|Any CPU
		{7C2946B1-91FE-4E0D-BEC7-1E456A600105}.Release|Any CPU.ActiveCfg = Release|Any CPU
		{7C2946B1-91FE-4E0D-BEC7-1E456A600105}.Release|Any CPU.Build.0 = Release|Any CPU
		{BF90BEAC-287F-4E51-9A94-B0E3AF0BA2B3}.Debug|Any CPU.ActiveCfg = Debug|Any CPU
		{BF90BEAC-287F-4E51-9A94-B0E3AF0BA2B3}.Debug|Any CPU.Build.0 = Debug|Any CPU
		{BF90BEAC-287F-4E51-9A94-B0E3AF0BA2B3}.Release|Any CPU.ActiveCfg = Release|Any CPU
		{BF90BEAC-287F-4E51-9A94-B0E3AF0BA2B3}.Release|Any CPU.Build.0 = Release|Any CPU
		{74E478BA-0E2B-4A08-895D-F834EF05AEFE}.Debug|Any CPU.ActiveCfg = Debug|Any CPU
		{74E478BA-0E2B-4A08-895D-F834EF05AEFE}.Debug|Any CPU.Build.0 = Debug|Any CPU
		{74E478BA-0E2B-4A08-895D-F834EF05AEFE}.Release|Any CPU.ActiveCfg = Release|Any CPU
		{74E478BA-0E2B-4A08-895D-F834EF05AEFE}.Release|Any CPU.Build.0 = Release|Any CPU
	EndGlobalSection
	GlobalSection(SolutionProperties) = preSolution
		HideSolutionNode = FALSE
	EndGlobalSection
	GlobalSection(ExtensibilityGlobals) = postSolution
		SolutionGuid = {32A123D0-E673-4CD1-84CB-10E43B63FC76}
	EndGlobalSection
EndGlobal
